
Microsoft Visual Studio Solution File, Format Version 12.00
# Visual Studio Version 17
VisualStudioVersion = 17.9.34607.119
MinimumVisualStudioVersion = 10.0.40219.1
Project("{FAE04EC0-301F-11D3-BF4B-00C04F79EFBC}") = "DotEatGame_CS", "DotEatGame_CS.csproj", "{28F01C0A-0277-491F-9B4C-69C67B406046}"
EndProject
Global
	GlobalSection(SolutionConfigurationPlatforms) = preSolution
		Debug|Any CPU = Debug|Any CPU
		Release|Any CPU = Release|Any CPU
	EndGlobalSection
	GlobalSection(ProjectConfigurationPlatforms) = postSolution
		{28F01C0A-0277-491F-9B4C-69C67B406046}.Debug|Any CPU.ActiveCfg = Debug|Any CPU
		{28F01C0A-0277-491F-9B4C-69C67B406046}.Debug|Any CPU.Build.0 = Debug|Any CPU
		{28F01C0A-0277-491F-9B4C-69C67B406046}.Release|Any CPU.ActiveCfg = Release|Any CPU
		{28F01C0A-0277-491F-9B4C-69C67B406046}.Release|Any CPU.Build.0 = Release|Any CPU
	EndGlobalSection
	GlobalSection(SolutionProperties) = preSolution
		HideSolutionNode = FALSE
	EndGlobalSection
	GlobalSection(ExtensibilityGlobals) = postSolution
		SolutionGuid = {934CCA24-5B63-4204-9A81-3AF55B88F95A}
	EndGlobalSection
EndGlobal
