
Microsoft Visual Studio Solution File, Format Version 12.00
# Visual Studio Version 17
VisualStudioVersion = 17.11.35219.272
MinimumVisualStudioVersion = 10.0.40219.1
Project("{FAE04EC0-301F-11D3-BF4B-00C04F79EFBC}") = "Sangokushi_CS", "Sangokushi_CS.csproj", "{573D459A-7496-4AB7-9215-FC96DB845201}"
EndProject
Global
	GlobalSection(SolutionConfigurationPlatforms) = preSolution
		Debug|Any CPU = Debug|Any CPU
		Release|Any CPU = Release|Any CPU
	EndGlobalSection
	GlobalSection(ProjectConfigurationPlatforms) = postSolution
		{573D459A-7496-4AB7-9215-FC96DB845201}.Debug|Any CPU.ActiveCfg = Debug|Any CPU
		{573D459A-7496-4AB7-9215-FC96DB845201}.Debug|Any CPU.Build.0 = Debug|Any CPU
		{573D459A-7496-4AB7-9215-FC96DB845201}.Release|Any CPU.ActiveCfg = Release|Any CPU
		{573D459A-7496-4AB7-9215-FC96DB845201}.Release|Any CPU.Build.0 = Release|Any CPU
	EndGlobalSection
	GlobalSection(SolutionProperties) = preSolution
		HideSolutionNode = FALSE
	EndGlobalSection
	GlobalSection(ExtensibilityGlobals) = postSolution
		SolutionGuid = {35DB07C2-4A9C-4311-93CA-8BCE0F57AD6E}
	EndGlobalSection
EndGlobal
