
Microsoft Visual Studio Solution File, Format Version 12.00
# Visual Studio Version 17
VisualStudioVersion = 17.11.35219.272
MinimumVisualStudioVersion = 10.0.40219.1
Project("{FAE04EC0-301F-11D3-BF4B-00C04F79EFBC}") = "SengokuSimulation_CS", "SengokuSimulation_CS.csproj", "{08ADC220-11D1-4380-A37A-A2A0D4D68628}"
EndProject
Global
	GlobalSection(SolutionConfigurationPlatforms) = preSolution
		Debug|Any CPU = Debug|Any CPU
		Release|Any CPU = Release|Any CPU
	EndGlobalSection
	GlobalSection(ProjectConfigurationPlatforms) = postSolution
		{08ADC220-11D1-4380-A37A-A2A0D4D68628}.Debug|Any CPU.ActiveCfg = Debug|Any CPU
		{08ADC220-11D1-4380-A37A-A2A0D4D68628}.Debug|Any CPU.Build.0 = Debug|Any CPU
		{08ADC220-11D1-4380-A37A-A2A0D4D68628}.Release|Any CPU.ActiveCfg = Release|Any CPU
		{08ADC220-11D1-4380-A37A-A2A0D4D68628}.Release|Any CPU.Build.0 = Release|Any CPU
	EndGlobalSection
	GlobalSection(SolutionProperties) = preSolution
		HideSolutionNode = FALSE
	EndGlobalSection
	GlobalSection(ExtensibilityGlobals) = postSolution
		SolutionGuid = {169AA615-6EA8-4065-964D-C5CF6D96E262}
	EndGlobalSection
EndGlobal
