
Microsoft Visual Studio Solution File, Format Version 12.00
# Visual Studio Version 17
VisualStudioVersion = 17.9.34607.119
MinimumVisualStudioVersion = 10.0.40219.1
Project("{FAE04EC0-301F-11D3-BF4B-00C04F79EFBC}") = "ClassicRPG_CS", "ClassicRPG_CS.csproj", "{F589F8F0-AB32-466D-97E4-53FAE82BA3CC}"
EndProject
Global
	GlobalSection(SolutionConfigurationPlatforms) = preSolution
		Debug|Any CPU = Debug|Any CPU
		Release|Any CPU = Release|Any CPU
	EndGlobalSection
	GlobalSection(ProjectConfigurationPlatforms) = postSolution
		{F589F8F0-AB32-466D-97E4-53FAE82BA3CC}.Debug|Any CPU.ActiveCfg = Debug|Any CPU
		{F589F8F0-AB32-466D-97E4-53FAE82BA3CC}.Debug|Any CPU.Build.0 = Debug|Any CPU
		{F589F8F0-AB32-466D-97E4-53FAE82BA3CC}.Release|Any CPU.ActiveCfg = Release|Any CPU
		{F589F8F0-AB32-466D-97E4-53FAE82BA3CC}.Release|Any CPU.Build.0 = Release|Any CPU
	EndGlobalSection
	GlobalSection(SolutionProperties) = preSolution
		HideSolutionNode = FALSE
	EndGlobalSection
	GlobalSection(ExtensibilityGlobals) = postSolution
		SolutionGuid = {6ED20185-8D27-4B6F-9933-0ABF2A9B9163}
	EndGlobalSection
EndGlobal
