
Microsoft Visual Studio Solution File, Format Version 12.00
# Visual Studio Version 17
VisualStudioVersion = 17.11.35219.272
MinimumVisualStudioVersion = 10.0.40219.1
Project("{FAE04EC0-301F-11D3-BF4B-00C04F79EFBC}") = "BlickBreaker_CS", "BlickBreaker_CS.csproj", "{56CF20F8-FD1A-4C26-8085-9B4E4EF0FAC1}"
EndProject
Global
	GlobalSection(SolutionConfigurationPlatforms) = preSolution
		Debug|Any CPU = Debug|Any CPU
		Release|Any CPU = Release|Any CPU
	EndGlobalSection
	GlobalSection(ProjectConfigurationPlatforms) = postSolution
		{56CF20F8-FD1A-4C26-8085-9B4E4EF0FAC1}.Debug|Any CPU.ActiveCfg = Debug|Any CPU
		{56CF20F8-FD1A-4C26-8085-9B4E4EF0FAC1}.Debug|Any CPU.Build.0 = Debug|Any CPU
		{56CF20F8-FD1A-4C26-8085-9B4E4EF0FAC1}.Release|Any CPU.ActiveCfg = Release|Any CPU
		{56CF20F8-FD1A-4C26-8085-9B4E4EF0FAC1}.Release|Any CPU.Build.0 = Release|Any CPU
	EndGlobalSection
	GlobalSection(SolutionProperties) = preSolution
		HideSolutionNode = FALSE
	EndGlobalSection
	GlobalSection(ExtensibilityGlobals) = postSolution
		SolutionGuid = {5A41339C-A1DA-4CA2-AA95-DFD2F3D9167F}
	EndGlobalSection
EndGlobal
